
Microsoft Visual Studio Solution File, Format Version 12.00
# Visual Studio Version 16
VisualStudioVersion = 16.0.29519.181
MinimumVisualStudioVersion = 10.0.40219.1
Project("{9A19103F-16F7-4668-BE54-9A1E7A4F7556}") = "VisualProgrammer.Core", "VisualProgrammer.Core\VisualProgrammer.Core.csproj", "{6CD1F65E-C0A7-4461-877D-240E039F230C}"
EndProject
Project("{9A19103F-16F7-4668-BE54-9A1E7A4F7556}") = "VisualProgrammer.Blazor", "VisualProgrammer.Blazor\VisualProgrammer.Blazor.csproj", "{81174C31-2DD3-46B6-9DCB-FE3708E00401}"
EndProject
Project("{2150E333-8FDC-42A3-9474-1A3956D46DE8}") = "Demos", "Demos", "{17D89D99-BCCF-46D7-9889-791948986CE3}"
EndProject
Project("{9A19103F-16F7-4668-BE54-9A1E7A4F7556}") = "DemoBlazorApp", "Demos\DemoBlazorApp\DemoBlazorApp.csproj", "{3A50ADF3-E7F6-421F-B881-B2F185017BB2}"
EndProject
Project("{FAE04EC0-301F-11D3-BF4B-00C04F79EFBC}") = "VisualProgrammer.WPF", "VisualProgrammer.WPF\VisualProgrammer.WPF.csproj", "{2AA94544-2281-4BA0-9EE6-2BE2470821E7}"
EndProject
Project("{FAE04EC0-301F-11D3-BF4B-00C04F79EFBC}") = "DemoWPFApp", "Demos\DemoWPFApp\DemoWPFApp.csproj", "{5BC675E1-84FE-4885-B8E7-0577F5B9FB8B}"
EndProject
Project("{2150E333-8FDC-42A3-9474-1A3956D46DE8}") = "Solution Items", "Solution Items", "{B613E5EA-082B-4D69-B787-7EC950BC9CFF}"
	ProjectSection(SolutionItems) = preProject
		.editorconfig = .editorconfig
	EndProjectSection
EndProject
Global
	GlobalSection(SolutionConfigurationPlatforms) = preSolution
		Debug|Any CPU = Debug|Any CPU
		Release|Any CPU = Release|Any CPU
	EndGlobalSection
	GlobalSection(ProjectConfigurationPlatforms) = postSolution
		{6CD1F65E-C0A7-4461-877D-240E039F230C}.Debug|Any CPU.ActiveCfg = Debug|Any CPU
		{6CD1F65E-C0A7-4461-877D-240E039F230C}.Debug|Any CPU.Build.0 = Debug|Any CPU
		{6CD1F65E-C0A7-4461-877D-240E039F230C}.Release|Any CPU.ActiveCfg = Release|Any CPU
		{6CD1F65E-C0A7-4461-877D-240E039F230C}.Release|Any CPU.Build.0 = Release|Any CPU
		{81174C31-2DD3-46B6-9DCB-FE3708E00401}.Debug|Any CPU.ActiveCfg = Debug|Any CPU
		{81174C31-2DD3-46B6-9DCB-FE3708E00401}.Debug|Any CPU.Build.0 = Debug|Any CPU
		{81174C31-2DD3-46B6-9DCB-FE3708E00401}.Release|Any CPU.ActiveCfg = Release|Any CPU
		{81174C31-2DD3-46B6-9DCB-FE3708E00401}.Release|Any CPU.Build.0 = Release|Any CPU
		{3A50ADF3-E7F6-421F-B881-B2F185017BB2}.Debug|Any CPU.ActiveCfg = Debug|Any CPU
		{3A50ADF3-E7F6-421F-B881-B2F185017BB2}.Debug|Any CPU.Build.0 = Debug|Any CPU
		{3A50ADF3-E7F6-421F-B881-B2F185017BB2}.Release|Any CPU.ActiveCfg = Release|Any CPU
		{3A50ADF3-E7F6-421F-B881-B2F185017BB2}.Release|Any CPU.Build.0 = Release|Any CPU
		{2AA94544-2281-4BA0-9EE6-2BE2470821E7}.Debug|Any CPU.ActiveCfg = Debug|Any CPU
		{2AA94544-2281-4BA0-9EE6-2BE2470821E7}.Debug|Any CPU.Build.0 = Debug|Any CPU
		{2AA94544-2281-4BA0-9EE6-2BE2470821E7}.Release|Any CPU.ActiveCfg = Release|Any CPU
		{2AA94544-2281-4BA0-9EE6-2BE2470821E7}.Release|Any CPU.Build.0 = Release|Any CPU
		{5BC675E1-84FE-4885-B8E7-0577F5B9FB8B}.Debug|Any CPU.ActiveCfg = Debug|Any CPU
		{5BC675E1-84FE-4885-B8E7-0577F5B9FB8B}.Debug|Any CPU.Build.0 = Debug|Any CPU
		{5BC675E1-84FE-4885-B8E7-0577F5B9FB8B}.Release|Any CPU.ActiveCfg = Release|Any CPU
		{5BC675E1-84FE-4885-B8E7-0577F5B9FB8B}.Release|Any CPU.Build.0 = Release|Any CPU
	EndGlobalSection
	GlobalSection(SolutionProperties) = preSolution
		HideSolutionNode = FALSE
	EndGlobalSection
	GlobalSection(NestedProjects) = preSolution
		{3A50ADF3-E7F6-421F-B881-B2F185017BB2} = {17D89D99-BCCF-46D7-9889-791948986CE3}
		{5BC675E1-84FE-4885-B8E7-0577F5B9FB8B} = {17D89D99-BCCF-46D7-9889-791948986CE3}
	EndGlobalSection
	GlobalSection(ExtensibilityGlobals) = postSolution
		SolutionGuid = {44E1BBE3-2BE6-4313-B5A1-69EEBB5B4551}
	EndGlobalSection
EndGlobal
